// !$*UTF8*$!
{
	archiveVersion = 1;
	classes = {
	};
	objectVersion = 46;
	objects = {

/* Begin PBXBuildFile section */
		00E356F31AD99517003FC87E /* DotsTests.m in Sources */ = {isa = PBXBuildFile; fileRef = 00E356F21AD99517003FC87E /* DotsTests.m */; };
		03420A14397F4F68A7032DAB /* Raleway-Black.ttf in Resources */ = {isa = PBXBuildFile; fileRef = 7289547A27A447B5B6215C43 /* Raleway-Black.ttf */; };
		0A4E855B13FF4D5D93E3568A /* Raleway-ThinItalic.ttf in Resources */ = {isa = PBXBuildFile; fileRef = E4A9D4A64E934EB5BD461BF8 /* Raleway-ThinItalic.ttf */; };
		10CD053E609A4A60894F1DB3 /* Raleway-Italic.ttf in Resources */ = {isa = PBXBuildFile; fileRef = 8E28C0D11B104125BE7EE9CB /* Raleway-Italic.ttf */; };
		11198C2AE59AF72E5F4A609C /* libPods-Dots-tvOSTests.a in Frameworks */ = {isa = PBXBuildFile; fileRef = 9265F031C1010B43CC056F55 /* libPods-Dots-tvOSTests.a */; };
		13B07FBC1A68108700A75B9A /* AppDelegate.m in Sources */ = {isa = PBXBuildFile; fileRef = 13B07FB01A68108700A75B9A /* AppDelegate.m */; };
		13B07FBD1A68108700A75B9A /* LaunchScreen.xib in Resources */ = {isa = PBXBuildFile; fileRef = 13B07FB11A68108700A75B9A /* LaunchScreen.xib */; };
		13B07FBF1A68108700A75B9A /* Images.xcassets in Resources */ = {isa = PBXBuildFile; fileRef = 13B07FB51A68108700A75B9A /* Images.xcassets */; };
		13B07FC11A68108700A75B9A /* main.m in Sources */ = {isa = PBXBuildFile; fileRef = 13B07FB71A68108700A75B9A /* main.m */; };
		14B7A65AB5474DEAAEA95F82 /* Raleway-ExtraLightItalic.ttf in Resources */ = {isa = PBXBuildFile; fileRef = 2102DFC3D3834078A2532584 /* Raleway-ExtraLightItalic.ttf */; };
		1E021FC6CE08413188F853A2 /* Raleway-ExtraLight.ttf in Resources */ = {isa = PBXBuildFile; fileRef = DEE0E8502FAC4CE39E8B2B50 /* Raleway-ExtraLight.ttf */; };
		2D02E4BC1E0B4A80006451C7 /* AppDelegate.m in Sources */ = {isa = PBXBuildFile; fileRef = 13B07FB01A68108700A75B9A /* AppDelegate.m */; };
		2D02E4BD1E0B4A84006451C7 /* Images.xcassets in Resources */ = {isa = PBXBuildFile; fileRef = 13B07FB51A68108700A75B9A /* Images.xcassets */; };
		2D02E4BF1E0B4AB3006451C7 /* main.m in Sources */ = {isa = PBXBuildFile; fileRef = 13B07FB71A68108700A75B9A /* main.m */; };
		2DCD954D1E0B4F2C00145EB5 /* DotsTests.m in Sources */ = {isa = PBXBuildFile; fileRef = 00E356F21AD99517003FC87E /* DotsTests.m */; };
		428E548691FB44ADB6C3D1D2 /* Raleway-Bold.ttf in Resources */ = {isa = PBXBuildFile; fileRef = 3AEF808C6E374E15936A9240 /* Raleway-Bold.ttf */; };
		502CDBA7505741E9A3DD400D /* Raleway-ExtraBold.ttf in Resources */ = {isa = PBXBuildFile; fileRef = 9C5347A8D45148D28ED372DD /* Raleway-ExtraBold.ttf */; };
		524ACEA8F3DE4E4AAF1A394E /* Raleway-BoldItalic.ttf in Resources */ = {isa = PBXBuildFile; fileRef = BC6294C3984D46F59D43A7D6 /* Raleway-BoldItalic.ttf */; };
		56E5A979AA8F450FAAE03863 /* Raleway-BlackItalic.ttf in Resources */ = {isa = PBXBuildFile; fileRef = B02FD82E76194020BB311C33 /* Raleway-BlackItalic.ttf */; };
		5876EB5CBA744FE29E9CCF34 /* Raleway-SemiBoldItalic.ttf in Resources */ = {isa = PBXBuildFile; fileRef = F5CB7E738B3A4F85AEA67607 /* Raleway-SemiBoldItalic.ttf */; };
		612FD15822E4041000A2B21C /* explosion.wav in Resources */ = {isa = PBXBuildFile; fileRef = 612FD14F22E4040F00A2B21C /* explosion.wav */; };
		612FD15922E4041000A2B21C /* gotem.mp3 in Resources */ = {isa = PBXBuildFile; fileRef = 612FD15022E4040F00A2B21C /* gotem.mp3 */; };
		612FD15A22E4041000A2B21C /* score.mp3 in Resources */ = {isa = PBXBuildFile; fileRef = 612FD15122E4040F00A2B21C /* score.mp3 */; };
		612FD15C22E4041000A2B21C /* wrong.wav in Resources */ = {isa = PBXBuildFile; fileRef = 612FD15322E4040F00A2B21C /* wrong.wav */; };
		612FD15D22E4041000A2B21C /* iseeu.mp3 in Resources */ = {isa = PBXBuildFile; fileRef = 612FD15422E4040F00A2B21C /* iseeu.mp3 */; };
		612FD15E22E4041000A2B21C /* okay.mp3 in Resources */ = {isa = PBXBuildFile; fileRef = 612FD15522E4041000A2B21C /* okay.mp3 */; };
		61CB507C231C878F00196471 /* line_click.wav in Resources */ = {isa = PBXBuildFile; fileRef = 61CB5079231C878E00196471 /* line_click.wav */; };
		61CB507D231C878F00196471 /* intro_music.mp3 in Resources */ = {isa = PBXBuildFile; fileRef = 61CB507A231C878E00196471 /* intro_music.mp3 */; };
		61CB507E231C878F00196471 /* in_game_music.mp3 in Resources */ = {isa = PBXBuildFile; fileRef = 61CB507B231C878E00196471 /* in_game_music.mp3 */; };
		6F2D9733E2914DA9B675640F /* Raleway-LightItalic.ttf in Resources */ = {isa = PBXBuildFile; fileRef = B13592062D7246798C65B743 /* Raleway-LightItalic.ttf */; };
		740C4AD92D3D4B3C804CB248 /* Raleway-Medium.ttf in Resources */ = {isa = PBXBuildFile; fileRef = 7A6339DB55A540E1AE2B5827 /* Raleway-Medium.ttf */; };
		74A416E017E06B849B0A9A4F /* libPods-Dots-tvOS.a in Frameworks */ = {isa = PBXBuildFile; fileRef = 7AFD95BE9FC13A5EF8C71D3A /* libPods-Dots-tvOS.a */; };
		759D5252B48D460C9C8DEBAE /* Raleway-Light.ttf in Resources */ = {isa = PBXBuildFile; fileRef = 5D542B6A63DD48268A6EA5EC /* Raleway-Light.ttf */; };
		91E6F6B7D5434000B689E3B3 /* Raleway-ExtraBoldItalic.ttf in Resources */ = {isa = PBXBuildFile; fileRef = FCA9FB1A7E034257AF8CF1B9 /* Raleway-ExtraBoldItalic.ttf */; };
		AC5387F432904A00AF8677FB /* Raleway-Regular.ttf in Resources */ = {isa = PBXBuildFile; fileRef = 372F0E1220E540DBBA4AEF70 /* Raleway-Regular.ttf */; };
		B97929B0A0FA411EAF733C3D /* Raleway-MediumItalic.ttf in Resources */ = {isa = PBXBuildFile; fileRef = C9DFEEE7850F4823BE9DEEED /* Raleway-MediumItalic.ttf */; };
		BBA266CE40881B6B21DC282D /* libPods-Dots.a in Frameworks */ = {isa = PBXBuildFile; fileRef = CC647A67EB292E764520C6E2 /* libPods-Dots.a */; };
		C63E031A87EBECFB0DB3320C /* libPods-DotsTests.a in Frameworks */ = {isa = PBXBuildFile; fileRef = 85B6BE1F88B4335B0D3CDD11 /* libPods-DotsTests.a */; };
		D31EA8CED3894FBEA06E65CF /* Raleway-SemiBold.ttf in Resources */ = {isa = PBXBuildFile; fileRef = 24EED6EC7BF94BFDB0963B1F /* Raleway-SemiBold.ttf */; };
		E2515A7AAFAD40DD8C2BB69F /* Raleway-Thin.ttf in Resources */ = {isa = PBXBuildFile; fileRef = A8B8179459194D078DC9EE23 /* Raleway-Thin.ttf */; };
/* End PBXBuildFile section */

/* Begin PBXContainerItemProxy section */
		00E356F41AD99517003FC87E /* PBXContainerItemProxy */ = {
			isa = PBXContainerItemProxy;
			containerPortal = 83CBB9F71A601CBA00E9B192 /* Project object */;
			proxyType = 1;
			remoteGlobalIDString = 13B07F861A680F5B00A75B9A;
			remoteInfo = Dots;
		};
		2D02E4911E0B4A5D006451C7 /* PBXContainerItemProxy */ = {
			isa = PBXContainerItemProxy;
			containerPortal = 83CBB9F71A601CBA00E9B192 /* Project object */;
			proxyType = 1;
			remoteGlobalIDString = 2D02E47A1E0B4A5D006451C7;
			remoteInfo = "Dots-tvOS";
		};
		612FD14522E400A900A2B21C /* PBXContainerItemProxy */ = {
			isa = PBXContainerItemProxy;
			containerPortal = 612FD14022E400A800A2B21C /* RNGestureHandler.xcodeproj */;
			proxyType = 2;
			remoteGlobalIDString = 134814201AA4EA6300B7C361;
			remoteInfo = RNGestureHandler;
		};
		612FD14722E400A900A2B21C /* PBXContainerItemProxy */ = {
			isa = PBXContainerItemProxy;
			containerPortal = 612FD14022E400A800A2B21C /* RNGestureHandler.xcodeproj */;
			proxyType = 2;
			remoteGlobalIDString = B5C32A36220C603B000FFB8D;
			remoteInfo = "RNGestureHandler-tvOS";
		};
/* End PBXContainerItemProxy section */

/* Begin PBXFileReference section */
		008F07F21AC5B25A0029DE68 /* main.jsbundle */ = {isa = PBXFileReference; fileEncoding = 4; lastKnownFileType = text; path = main.jsbundle; sourceTree = "<group>"; };
		00E356EE1AD99517003FC87E /* DotsTests.xctest */ = {isa = PBXFileReference; explicitFileType = wrapper.cfbundle; includeInIndex = 0; path = DotsTests.xctest; sourceTree = BUILT_PRODUCTS_DIR; };
		00E356F11AD99517003FC87E /* Info.plist */ = {isa = PBXFileReference; lastKnownFileType = text.plist.xml; path = Info.plist; sourceTree = "<group>"; };
		00E356F21AD99517003FC87E /* DotsTests.m */ = {isa = PBXFileReference; lastKnownFileType = sourcecode.c.objc; path = DotsTests.m; sourceTree = "<group>"; };
		13B07F961A680F5B00A75B9A /* Dots.app */ = {isa = PBXFileReference; explicitFileType = wrapper.application; includeInIndex = 0; path = Dots.app; sourceTree = BUILT_PRODUCTS_DIR; };
		13B07FAF1A68108700A75B9A /* AppDelegate.h */ = {isa = PBXFileReference; fileEncoding = 4; lastKnownFileType = sourcecode.c.h; name = AppDelegate.h; path = Dots/AppDelegate.h; sourceTree = "<group>"; };
		13B07FB01A68108700A75B9A /* AppDelegate.m */ = {isa = PBXFileReference; fileEncoding = 4; lastKnownFileType = sourcecode.c.objc; name = AppDelegate.m; path = Dots/AppDelegate.m; sourceTree = "<group>"; };
		13B07FB21A68108700A75B9A /* Base */ = {isa = PBXFileReference; lastKnownFileType = file.xib; name = Base; path = Base.lproj/LaunchScreen.xib; sourceTree = "<group>"; };
		13B07FB51A68108700A75B9A /* Images.xcassets */ = {isa = PBXFileReference; lastKnownFileType = folder.assetcatalog; name = Images.xcassets; path = Dots/Images.xcassets; sourceTree = "<group>"; };
		13B07FB61A68108700A75B9A /* Info.plist */ = {isa = PBXFileReference; fileEncoding = 4; lastKnownFileType = text.plist.xml; name = Info.plist; path = Dots/Info.plist; sourceTree = "<group>"; };
		13B07FB71A68108700A75B9A /* main.m */ = {isa = PBXFileReference; fileEncoding = 4; lastKnownFileType = sourcecode.c.objc; name = main.m; path = Dots/main.m; sourceTree = "<group>"; };
		2102DFC3D3834078A2532584 /* Raleway-ExtraLightItalic.ttf */ = {isa = PBXFileReference; explicitFileType = undefined; fileEncoding = 9; includeInIndex = 0; lastKnownFileType = unknown; name = "Raleway-ExtraLightItalic.ttf"; path = "../src/Raleway/Raleway-ExtraLightItalic.ttf"; sourceTree = "<group>"; };
		24EED6EC7BF94BFDB0963B1F /* Raleway-SemiBold.ttf */ = {isa = PBXFileReference; explicitFileType = undefined; fileEncoding = 9; includeInIndex = 0; lastKnownFileType = unknown; name = "Raleway-SemiBold.ttf"; path = "../src/Raleway/Raleway-SemiBold.ttf"; sourceTree = "<group>"; };
		2D02E47B1E0B4A5D006451C7 /* Dots-tvOS.app */ = {isa = PBXFileReference; explicitFileType = wrapper.application; includeInIndex = 0; path = "Dots-tvOS.app"; sourceTree = BUILT_PRODUCTS_DIR; };
		2D02E4901E0B4A5D006451C7 /* Dots-tvOSTests.xctest */ = {isa = PBXFileReference; explicitFileType = wrapper.cfbundle; includeInIndex = 0; path = "Dots-tvOSTests.xctest"; sourceTree = BUILT_PRODUCTS_DIR; };
		372F0E1220E540DBBA4AEF70 /* Raleway-Regular.ttf */ = {isa = PBXFileReference; explicitFileType = undefined; fileEncoding = 9; includeInIndex = 0; lastKnownFileType = unknown; name = "Raleway-Regular.ttf"; path = "../src/Raleway/Raleway-Regular.ttf"; sourceTree = "<group>"; };
		3AEF808C6E374E15936A9240 /* Raleway-Bold.ttf */ = {isa = PBXFileReference; explicitFileType = undefined; fileEncoding = 9; includeInIndex = 0; lastKnownFileType = unknown; name = "Raleway-Bold.ttf"; path = "../src/Raleway/Raleway-Bold.ttf"; sourceTree = "<group>"; };
		3CB9AA6C64E6949281C4456F /* Pods-Dots.debug.xcconfig */ = {isa = PBXFileReference; includeInIndex = 1; lastKnownFileType = text.xcconfig; name = "Pods-Dots.debug.xcconfig"; path = "Target Support Files/Pods-Dots/Pods-Dots.debug.xcconfig"; sourceTree = "<group>"; };
		3D78B7C38A26005356D49029 /* Pods-DotsTests.release.xcconfig */ = {isa = PBXFileReference; includeInIndex = 1; lastKnownFileType = text.xcconfig; name = "Pods-DotsTests.release.xcconfig"; path = "Target Support Files/Pods-DotsTests/Pods-DotsTests.release.xcconfig"; sourceTree = "<group>"; };
		5CAAACC5391E660980D6C0E4 /* Pods-DotsTests.debug.xcconfig */ = {isa = PBXFileReference; includeInIndex = 1; lastKnownFileType = text.xcconfig; name = "Pods-DotsTests.debug.xcconfig"; path = "Target Support Files/Pods-DotsTests/Pods-DotsTests.debug.xcconfig"; sourceTree = "<group>"; };
		5D542B6A63DD48268A6EA5EC /* Raleway-Light.ttf */ = {isa = PBXFileReference; explicitFileType = undefined; fileEncoding = 9; includeInIndex = 0; lastKnownFileType = unknown; name = "Raleway-Light.ttf"; path = "../src/Raleway/Raleway-Light.ttf"; sourceTree = "<group>"; };
		612FD14022E400A800A2B21C /* RNGestureHandler.xcodeproj */ = {isa = PBXFileReference; lastKnownFileType = "wrapper.pb-project"; name = RNGestureHandler.xcodeproj; path = "../node_modules/react-native-gesture-handler/ios/RNGestureHandler.xcodeproj"; sourceTree = "<group>"; };
		612FD14F22E4040F00A2B21C /* explosion.wav */ = {isa = PBXFileReference; lastKnownFileType = audio.wav; name = explosion.wav; path = ../src/components/Game/Sounds/explosion.wav; sourceTree = "<group>"; };
		612FD15022E4040F00A2B21C /* gotem.mp3 */ = {isa = PBXFileReference; lastKnownFileType = audio.mp3; name = gotem.mp3; path = ../src/components/Game/Sounds/gotem.mp3; sourceTree = "<group>"; };
		612FD15122E4040F00A2B21C /* score.mp3 */ = {isa = PBXFileReference; lastKnownFileType = audio.mp3; name = score.mp3; path = ../src/components/Game/Sounds/score.mp3; sourceTree = "<group>"; };
		612FD15322E4040F00A2B21C /* wrong.wav */ = {isa = PBXFileReference; lastKnownFileType = audio.wav; name = wrong.wav; path = ../src/components/Game/Sounds/wrong.wav; sourceTree = "<group>"; };
		612FD15422E4040F00A2B21C /* iseeu.mp3 */ = {isa = PBXFileReference; lastKnownFileType = audio.mp3; name = iseeu.mp3; path = ../src/components/Game/Sounds/iseeu.mp3; sourceTree = "<group>"; };
		612FD15522E4041000A2B21C /* okay.mp3 */ = {isa = PBXFileReference; lastKnownFileType = audio.mp3; name = okay.mp3; path = ../src/components/Game/Sounds/okay.mp3; sourceTree = "<group>"; };
		61CB5079231C878E00196471 /* line_click.wav */ = {isa = PBXFileReference; lastKnownFileType = audio.wav; name = line_click.wav; path = ../src/components/Game/Sounds/line_click.wav; sourceTree = "<group>"; };
		61CB507A231C878E00196471 /* intro_music.mp3 */ = {isa = PBXFileReference; lastKnownFileType = audio.mp3; name = intro_music.mp3; path = ../src/components/Game/Sounds/intro_music.mp3; sourceTree = "<group>"; };
		61CB507B231C878E00196471 /* in_game_music.mp3 */ = {isa = PBXFileReference; lastKnownFileType = audio.mp3; name = in_game_music.mp3; path = ../src/components/Game/Sounds/in_game_music.mp3; sourceTree = "<group>"; };
		7289547A27A447B5B6215C43 /* Raleway-Black.ttf */ = {isa = PBXFileReference; explicitFileType = undefined; fileEncoding = 9; includeInIndex = 0; lastKnownFileType = unknown; name = "Raleway-Black.ttf"; path = "../src/Raleway/Raleway-Black.ttf"; sourceTree = "<group>"; };
		792E17E219134449EAB74D9F /* Pods-Dots-tvOSTests.release.xcconfig */ = {isa = PBXFileReference; includeInIndex = 1; lastKnownFileType = text.xcconfig; name = "Pods-Dots-tvOSTests.release.xcconfig"; path = "Target Support Files/Pods-Dots-tvOSTests/Pods-Dots-tvOSTests.release.xcconfig"; sourceTree = "<group>"; };
		7A6339DB55A540E1AE2B5827 /* Raleway-Medium.ttf */ = {isa = PBXFileReference; explicitFileType = undefined; fileEncoding = 9; includeInIndex = 0; lastKnownFileType = unknown; name = "Raleway-Medium.ttf"; path = "../src/Raleway/Raleway-Medium.ttf"; sourceTree = "<group>"; };
		7AFD95BE9FC13A5EF8C71D3A /* libPods-Dots-tvOS.a */ = {isa = PBXFileReference; explicitFileType = archive.ar; includeInIndex = 0; path = "libPods-Dots-tvOS.a"; sourceTree = BUILT_PRODUCTS_DIR; };
		85B6BE1F88B4335B0D3CDD11 /* libPods-DotsTests.a */ = {isa = PBXFileReference; explicitFileType = archive.ar; includeInIndex = 0; path = "libPods-DotsTests.a"; sourceTree = BUILT_PRODUCTS_DIR; };
		895BEF41E7BA531D9288C4B9 /* Pods-Dots-tvOS.release.xcconfig */ = {isa = PBXFileReference; includeInIndex = 1; lastKnownFileType = text.xcconfig; name = "Pods-Dots-tvOS.release.xcconfig"; path = "Target Support Files/Pods-Dots-tvOS/Pods-Dots-tvOS.release.xcconfig"; sourceTree = "<group>"; };
		8E28C0D11B104125BE7EE9CB /* Raleway-Italic.ttf */ = {isa = PBXFileReference; explicitFileType = undefined; fileEncoding = 9; includeInIndex = 0; lastKnownFileType = unknown; name = "Raleway-Italic.ttf"; path = "../src/Raleway/Raleway-Italic.ttf"; sourceTree = "<group>"; };
		9265F031C1010B43CC056F55 /* libPods-Dots-tvOSTests.a */ = {isa = PBXFileReference; explicitFileType = archive.ar; includeInIndex = 0; path = "libPods-Dots-tvOSTests.a"; sourceTree = BUILT_PRODUCTS_DIR; };
		9C5347A8D45148D28ED372DD /* Raleway-ExtraBold.ttf */ = {isa = PBXFileReference; explicitFileType = undefined; fileEncoding = 9; includeInIndex = 0; lastKnownFileType = unknown; name = "Raleway-ExtraBold.ttf"; path = "../src/Raleway/Raleway-ExtraBold.ttf"; sourceTree = "<group>"; };
		A47D062F832526335E8B211E /* Pods-Dots-tvOS.debug.xcconfig */ = {isa = PBXFileReference; includeInIndex = 1; lastKnownFileType = text.xcconfig; name = "Pods-Dots-tvOS.debug.xcconfig"; path = "Target Support Files/Pods-Dots-tvOS/Pods-Dots-tvOS.debug.xcconfig"; sourceTree = "<group>"; };
		A8B8179459194D078DC9EE23 /* Raleway-Thin.ttf */ = {isa = PBXFileReference; explicitFileType = undefined; fileEncoding = 9; includeInIndex = 0; lastKnownFileType = unknown; name = "Raleway-Thin.ttf"; path = "../src/Raleway/Raleway-Thin.ttf"; sourceTree = "<group>"; };
		B02FD82E76194020BB311C33 /* Raleway-BlackItalic.ttf */ = {isa = PBXFileReference; explicitFileType = undefined; fileEncoding = 9; includeInIndex = 0; lastKnownFileType = unknown; name = "Raleway-BlackItalic.ttf"; path = "../src/Raleway/Raleway-BlackItalic.ttf"; sourceTree = "<group>"; };
		B13592062D7246798C65B743 /* Raleway-LightItalic.ttf */ = {isa = PBXFileReference; explicitFileType = undefined; fileEncoding = 9; includeInIndex = 0; lastKnownFileType = unknown; name = "Raleway-LightItalic.ttf"; path = "../src/Raleway/Raleway-LightItalic.ttf"; sourceTree = "<group>"; };
		BC6294C3984D46F59D43A7D6 /* Raleway-BoldItalic.ttf */ = {isa = PBXFileReference; explicitFileType = undefined; fileEncoding = 9; includeInIndex = 0; lastKnownFileType = unknown; name = "Raleway-BoldItalic.ttf"; path = "../src/Raleway/Raleway-BoldItalic.ttf"; sourceTree = "<group>"; };
		C9DFEEE7850F4823BE9DEEED /* Raleway-MediumItalic.ttf */ = {isa = PBXFileReference; explicitFileType = undefined; fileEncoding = 9; includeInIndex = 0; lastKnownFileType = unknown; name = "Raleway-MediumItalic.ttf"; path = "../src/Raleway/Raleway-MediumItalic.ttf"; sourceTree = "<group>"; };
		CC647A67EB292E764520C6E2 /* libPods-Dots.a */ = {isa = PBXFileReference; explicitFileType = archive.ar; includeInIndex = 0; path = "libPods-Dots.a"; sourceTree = BUILT_PRODUCTS_DIR; };
		DEE0E8502FAC4CE39E8B2B50 /* Raleway-ExtraLight.ttf */ = {isa = PBXFileReference; explicitFileType = undefined; fileEncoding = 9; includeInIndex = 0; lastKnownFileType = unknown; name = "Raleway-ExtraLight.ttf"; path = "../src/Raleway/Raleway-ExtraLight.ttf"; sourceTree = "<group>"; };
		E4A9D4A64E934EB5BD461BF8 /* Raleway-ThinItalic.ttf */ = {isa = PBXFileReference; explicitFileType = undefined; fileEncoding = 9; includeInIndex = 0; lastKnownFileType = unknown; name = "Raleway-ThinItalic.ttf"; path = "../src/Raleway/Raleway-ThinItalic.ttf"; sourceTree = "<group>"; };
		E65EB3EA7B761110B0CCCCB0 /* Pods-Dots.release.xcconfig */ = {isa = PBXFileReference; includeInIndex = 1; lastKnownFileType = text.xcconfig; name = "Pods-Dots.release.xcconfig"; path = "Target Support Files/Pods-Dots/Pods-Dots.release.xcconfig"; sourceTree = "<group>"; };
		ED297162215061F000B7C4FE /* JavaScriptCore.framework */ = {isa = PBXFileReference; lastKnownFileType = wrapper.framework; name = JavaScriptCore.framework; path = System/Library/Frameworks/JavaScriptCore.framework; sourceTree = SDKROOT; };
		ED2971642150620600B7C4FE /* JavaScriptCore.framework */ = {isa = PBXFileReference; lastKnownFileType = wrapper.framework; name = JavaScriptCore.framework; path = Platforms/AppleTVOS.platform/Developer/SDKs/AppleTVOS12.0.sdk/System/Library/Frameworks/JavaScriptCore.framework; sourceTree = DEVELOPER_DIR; };
		F5CB7E738B3A4F85AEA67607 /* Raleway-SemiBoldItalic.ttf */ = {isa = PBXFileReference; explicitFileType = undefined; fileEncoding = 9; includeInIndex = 0; lastKnownFileType = unknown; name = "Raleway-SemiBoldItalic.ttf"; path = "../src/Raleway/Raleway-SemiBoldItalic.ttf"; sourceTree = "<group>"; };
		FCA9FB1A7E034257AF8CF1B9 /* Raleway-ExtraBoldItalic.ttf */ = {isa = PBXFileReference; explicitFileType = undefined; fileEncoding = 9; includeInIndex = 0; lastKnownFileType = unknown; name = "Raleway-ExtraBoldItalic.ttf"; path = "../src/Raleway/Raleway-ExtraBoldItalic.ttf"; sourceTree = "<group>"; };
		FD1B36425F79BB8644E8FB45 /* Pods-Dots-tvOSTests.debug.xcconfig */ = {isa = PBXFileReference; includeInIndex = 1; lastKnownFileType = text.xcconfig; name = "Pods-Dots-tvOSTests.debug.xcconfig"; path = "Target Support Files/Pods-Dots-tvOSTests/Pods-Dots-tvOSTests.debug.xcconfig"; sourceTree = "<group>"; };
/* End PBXFileReference section */

/* Begin PBXFrameworksBuildPhase section */
		00E356EB1AD99517003FC87E /* Frameworks */ = {
			isa = PBXFrameworksBuildPhase;
			buildActionMask = 2147483647;
			files = (
				C63E031A87EBECFB0DB3320C /* libPods-DotsTests.a in Frameworks */,
			);
			runOnlyForDeploymentPostprocessing = 0;
		};
		13B07F8C1A680F5B00A75B9A /* Frameworks */ = {
			isa = PBXFrameworksBuildPhase;
			buildActionMask = 2147483647;
			files = (
				BBA266CE40881B6B21DC282D /* libPods-Dots.a in Frameworks */,
			);
			runOnlyForDeploymentPostprocessing = 0;
		};
		2D02E4781E0B4A5D006451C7 /* Frameworks */ = {
			isa = PBXFrameworksBuildPhase;
			buildActionMask = 2147483647;
			files = (
				74A416E017E06B849B0A9A4F /* libPods-Dots-tvOS.a in Frameworks */,
			);
			runOnlyForDeploymentPostprocessing = 0;
		};
		2D02E48D1E0B4A5D006451C7 /* Frameworks */ = {
			isa = PBXFrameworksBuildPhase;
			buildActionMask = 2147483647;
			files = (
				11198C2AE59AF72E5F4A609C /* libPods-Dots-tvOSTests.a in Frameworks */,
			);
			runOnlyForDeploymentPostprocessing = 0;
		};
/* End PBXFrameworksBuildPhase section */

/* Begin PBXGroup section */
		00E356EF1AD99517003FC87E /* DotsTests */ = {
			isa = PBXGroup;
			children = (
				00E356F21AD99517003FC87E /* DotsTests.m */,
				00E356F01AD99517003FC87E /* Supporting Files */,
			);
			path = DotsTests;
			sourceTree = "<group>";
		};
		00E356F01AD99517003FC87E /* Supporting Files */ = {
			isa = PBXGroup;
			children = (
				00E356F11AD99517003FC87E /* Info.plist */,
			);
			name = "Supporting Files";
			sourceTree = "<group>";
		};
		0A2C2295360E0D35F5D2F627 /* Pods */ = {
			isa = PBXGroup;
			children = (
				3CB9AA6C64E6949281C4456F /* Pods-Dots.debug.xcconfig */,
				E65EB3EA7B761110B0CCCCB0 /* Pods-Dots.release.xcconfig */,
				A47D062F832526335E8B211E /* Pods-Dots-tvOS.debug.xcconfig */,
				895BEF41E7BA531D9288C4B9 /* Pods-Dots-tvOS.release.xcconfig */,
				FD1B36425F79BB8644E8FB45 /* Pods-Dots-tvOSTests.debug.xcconfig */,
				792E17E219134449EAB74D9F /* Pods-Dots-tvOSTests.release.xcconfig */,
				5CAAACC5391E660980D6C0E4 /* Pods-DotsTests.debug.xcconfig */,
				3D78B7C38A26005356D49029 /* Pods-DotsTests.release.xcconfig */,
			);
			path = Pods;
			sourceTree = "<group>";
		};
		13B07FAE1A68108700A75B9A /* Dots */ = {
			isa = PBXGroup;
			children = (
				008F07F21AC5B25A0029DE68 /* main.jsbundle */,
				13B07FAF1A68108700A75B9A /* AppDelegate.h */,
				13B07FB01A68108700A75B9A /* AppDelegate.m */,
				13B07FB51A68108700A75B9A /* Images.xcassets */,
				13B07FB61A68108700A75B9A /* Info.plist */,
				13B07FB11A68108700A75B9A /* LaunchScreen.xib */,
				13B07FB71A68108700A75B9A /* main.m */,
			);
			name = Dots;
			sourceTree = "<group>";
		};
		2D16E6871FA4F8E400B85C8A /* Frameworks */ = {
			isa = PBXGroup;
			children = (
				ED297162215061F000B7C4FE /* JavaScriptCore.framework */,
				ED2971642150620600B7C4FE /* JavaScriptCore.framework */,
				CC647A67EB292E764520C6E2 /* libPods-Dots.a */,
				7AFD95BE9FC13A5EF8C71D3A /* libPods-Dots-tvOS.a */,
				9265F031C1010B43CC056F55 /* libPods-Dots-tvOSTests.a */,
				85B6BE1F88B4335B0D3CDD11 /* libPods-DotsTests.a */,
			);
			name = Frameworks;
			sourceTree = "<group>";
		};
		612FD14122E400A800A2B21C /* Products */ = {
			isa = PBXGroup;
			children = (
				612FD14622E400A900A2B21C /* libRNGestureHandler.a */,
				612FD14822E400A900A2B21C /* libRNGestureHandler-tvOS.a */,
			);
			name = Products;
			sourceTree = "<group>";
		};
		832341AE1AAA6A7D00B99B32 /* Libraries */ = {
			isa = PBXGroup;
			children = (
				612FD14022E400A800A2B21C /* RNGestureHandler.xcodeproj */,
			);
			name = Libraries;
			sourceTree = "<group>";
		};
		83CBB9F61A601CBA00E9B192 = {
			isa = PBXGroup;
			children = (
				13B07FAE1A68108700A75B9A /* Dots */,
				832341AE1AAA6A7D00B99B32 /* Libraries */,
				00E356EF1AD99517003FC87E /* DotsTests */,
				83CBBA001A601CBA00E9B192 /* Products */,
				2D16E6871FA4F8E400B85C8A /* Frameworks */,
				0A2C2295360E0D35F5D2F627 /* Pods */,
				C329828F59A1446B89427826 /* Resources */,
			);
			indentWidth = 2;
			sourceTree = "<group>";
			tabWidth = 2;
			usesTabs = 0;
		};
		83CBBA001A601CBA00E9B192 /* Products */ = {
			isa = PBXGroup;
			children = (
				13B07F961A680F5B00A75B9A /* Dots.app */,
				00E356EE1AD99517003FC87E /* DotsTests.xctest */,
				2D02E47B1E0B4A5D006451C7 /* Dots-tvOS.app */,
				2D02E4901E0B4A5D006451C7 /* Dots-tvOSTests.xctest */,
			);
			name = Products;
			sourceTree = "<group>";
		};
		C329828F59A1446B89427826 /* Resources */ = {
			isa = PBXGroup;
			children = (
				61CB507B231C878E00196471 /* in_game_music.mp3 */,
				61CB507A231C878E00196471 /* intro_music.mp3 */,
				61CB5079231C878E00196471 /* line_click.wav */,
				612FD14F22E4040F00A2B21C /* explosion.wav */,
				612FD15022E4040F00A2B21C /* gotem.mp3 */,
				612FD15422E4040F00A2B21C /* iseeu.mp3 */,
				612FD15522E4041000A2B21C /* okay.mp3 */,
				612FD15122E4040F00A2B21C /* score.mp3 */,
				612FD15322E4040F00A2B21C /* wrong.wav */,
				7289547A27A447B5B6215C43 /* Raleway-Black.ttf */,
				B02FD82E76194020BB311C33 /* Raleway-BlackItalic.ttf */,
				3AEF808C6E374E15936A9240 /* Raleway-Bold.ttf */,
				BC6294C3984D46F59D43A7D6 /* Raleway-BoldItalic.ttf */,
				9C5347A8D45148D28ED372DD /* Raleway-ExtraBold.ttf */,
				FCA9FB1A7E034257AF8CF1B9 /* Raleway-ExtraBoldItalic.ttf */,
				DEE0E8502FAC4CE39E8B2B50 /* Raleway-ExtraLight.ttf */,
				2102DFC3D3834078A2532584 /* Raleway-ExtraLightItalic.ttf */,
				8E28C0D11B104125BE7EE9CB /* Raleway-Italic.ttf */,
				5D542B6A63DD48268A6EA5EC /* Raleway-Light.ttf */,
				B13592062D7246798C65B743 /* Raleway-LightItalic.ttf */,
				7A6339DB55A540E1AE2B5827 /* Raleway-Medium.ttf */,
				C9DFEEE7850F4823BE9DEEED /* Raleway-MediumItalic.ttf */,
				372F0E1220E540DBBA4AEF70 /* Raleway-Regular.ttf */,
				24EED6EC7BF94BFDB0963B1F /* Raleway-SemiBold.ttf */,
				F5CB7E738B3A4F85AEA67607 /* Raleway-SemiBoldItalic.ttf */,
				A8B8179459194D078DC9EE23 /* Raleway-Thin.ttf */,
				E4A9D4A64E934EB5BD461BF8 /* Raleway-ThinItalic.ttf */,
			);
			name = Resources;
			sourceTree = "<group>";
		};
/* End PBXGroup section */

/* Begin PBXNativeTarget section */
		00E356ED1AD99517003FC87E /* DotsTests */ = {
			isa = PBXNativeTarget;
			buildConfigurationList = 00E357021AD99517003FC87E /* Build configuration list for PBXNativeTarget "DotsTests" */;
			buildPhases = (
				55B5A72A76A8D90FBC05ADB0 /* [CP] Check Pods Manifest.lock */,
				00E356EA1AD99517003FC87E /* Sources */,
				00E356EB1AD99517003FC87E /* Frameworks */,
				00E356EC1AD99517003FC87E /* Resources */,
			);
			buildRules = (
			);
			dependencies = (
				00E356F51AD99517003FC87E /* PBXTargetDependency */,
			);
			name = DotsTests;
			productName = DotsTests;
			productReference = 00E356EE1AD99517003FC87E /* DotsTests.xctest */;
			productType = "com.apple.product-type.bundle.unit-test";
		};
		13B07F861A680F5B00A75B9A /* Dots */ = {
			isa = PBXNativeTarget;
			buildConfigurationList = 13B07F931A680F5B00A75B9A /* Build configuration list for PBXNativeTarget "Dots" */;
			buildPhases = (
				5D15DDC9DAA7EAB822EB1FDC /* [CP] Check Pods Manifest.lock */,
				FD10A7F022414F080027D42C /* Start Packager */,
				13B07F871A680F5B00A75B9A /* Sources */,
				13B07F8C1A680F5B00A75B9A /* Frameworks */,
				13B07F8E1A680F5B00A75B9A /* Resources */,
				00DD1BFF1BD5951E006B06BC /* Bundle React Native code and images */,
			);
			buildRules = (
			);
			dependencies = (
			);
			name = Dots;
			productName = Dots;
			productReference = 13B07F961A680F5B00A75B9A /* Dots.app */;
			productType = "com.apple.product-type.application";
		};
		2D02E47A1E0B4A5D006451C7 /* Dots-tvOS */ = {
			isa = PBXNativeTarget;
			buildConfigurationList = 2D02E4BA1E0B4A5E006451C7 /* Build configuration list for PBXNativeTarget "Dots-tvOS" */;
			buildPhases = (
				D51B231C25965B1F1392D1E7 /* [CP] Check Pods Manifest.lock */,
				FD10A7F122414F3F0027D42C /* Start Packager */,
				2D02E4771E0B4A5D006451C7 /* Sources */,
				2D02E4781E0B4A5D006451C7 /* Frameworks */,
				2D02E4791E0B4A5D006451C7 /* Resources */,
				2D02E4CB1E0B4B27006451C7 /* Bundle React Native Code And Images */,
			);
			buildRules = (
			);
			dependencies = (
			);
			name = "Dots-tvOS";
			productName = "Dots-tvOS";
			productReference = 2D02E47B1E0B4A5D006451C7 /* Dots-tvOS.app */;
			productType = "com.apple.product-type.application";
		};
		2D02E48F1E0B4A5D006451C7 /* Dots-tvOSTests */ = {
			isa = PBXNativeTarget;
			buildConfigurationList = 2D02E4BB1E0B4A5E006451C7 /* Build configuration list for PBXNativeTarget "Dots-tvOSTests" */;
			buildPhases = (
				BEB243F6ECDE0904546A445B /* [CP] Check Pods Manifest.lock */,
				2D02E48C1E0B4A5D006451C7 /* Sources */,
				2D02E48D1E0B4A5D006451C7 /* Frameworks */,
				2D02E48E1E0B4A5D006451C7 /* Resources */,
			);
			buildRules = (
			);
			dependencies = (
				2D02E4921E0B4A5D006451C7 /* PBXTargetDependency */,
			);
			name = "Dots-tvOSTests";
			productName = "Dots-tvOSTests";
			productReference = 2D02E4901E0B4A5D006451C7 /* Dots-tvOSTests.xctest */;
			productType = "com.apple.product-type.bundle.unit-test";
		};
/* End PBXNativeTarget section */

/* Begin PBXProject section */
		83CBB9F71A601CBA00E9B192 /* Project object */ = {
			isa = PBXProject;
			attributes = {
				LastUpgradeCheck = 940;
				ORGANIZATIONNAME = Facebook;
				TargetAttributes = {
					00E356ED1AD99517003FC87E = {
						CreatedOnToolsVersion = 6.2;
						TestTargetID = 13B07F861A680F5B00A75B9A;
					};
					2D02E47A1E0B4A5D006451C7 = {
						CreatedOnToolsVersion = 8.2.1;
						ProvisioningStyle = Automatic;
					};
					2D02E48F1E0B4A5D006451C7 = {
						CreatedOnToolsVersion = 8.2.1;
						ProvisioningStyle = Automatic;
						TestTargetID = 2D02E47A1E0B4A5D006451C7;
					};
				};
			};
			buildConfigurationList = 83CBB9FA1A601CBA00E9B192 /* Build configuration list for PBXProject "Dots" */;
			compatibilityVersion = "Xcode 3.2";
			developmentRegion = English;
			hasScannedForEncodings = 0;
			knownRegions = (
				en,
				Base,
			);
			mainGroup = 83CBB9F61A601CBA00E9B192;
			productRefGroup = 83CBBA001A601CBA00E9B192 /* Products */;
			projectDirPath = "";
			projectReferences = (
				{
					ProductGroup = 612FD14122E400A800A2B21C /* Products */;
					ProjectRef = 612FD14022E400A800A2B21C /* RNGestureHandler.xcodeproj */;
				},
			);
			projectRoot = "";
			targets = (
				13B07F861A680F5B00A75B9A /* Dots */,
				00E356ED1AD99517003FC87E /* DotsTests */,
				2D02E47A1E0B4A5D006451C7 /* Dots-tvOS */,
				2D02E48F1E0B4A5D006451C7 /* Dots-tvOSTests */,
			);
		};
/* End PBXProject section */

/* Begin PBXReferenceProxy section */
		612FD14622E400A900A2B21C /* libRNGestureHandler.a */ = {
			isa = PBXReferenceProxy;
			fileType = archive.ar;
			path = libRNGestureHandler.a;
			remoteRef = 612FD14522E400A900A2B21C /* PBXContainerItemProxy */;
			sourceTree = BUILT_PRODUCTS_DIR;
		};
		612FD14822E400A900A2B21C /* libRNGestureHandler-tvOS.a */ = {
			isa = PBXReferenceProxy;
			fileType = archive.ar;
			path = "libRNGestureHandler-tvOS.a";
			remoteRef = 612FD14722E400A900A2B21C /* PBXContainerItemProxy */;
			sourceTree = BUILT_PRODUCTS_DIR;
		};
/* End PBXReferenceProxy section */

/* Begin PBXResourcesBuildPhase section */
		00E356EC1AD99517003FC87E /* Resources */ = {
			isa = PBXResourcesBuildPhase;
			buildActionMask = 2147483647;
			files = (
			);
			runOnlyForDeploymentPostprocessing = 0;
		};
		13B07F8E1A680F5B00A75B9A /* Resources */ = {
			isa = PBXResourcesBuildPhase;
			buildActionMask = 2147483647;
			files = (
				61CB507C231C878F00196471 /* line_click.wav in Resources */,
				13B07FBF1A68108700A75B9A /* Images.xcassets in Resources */,
				612FD15D22E4041000A2B21C /* iseeu.mp3 in Resources */,
				612FD15922E4041000A2B21C /* gotem.mp3 in Resources */,
				612FD15C22E4041000A2B21C /* wrong.wav in Resources */,
				13B07FBD1A68108700A75B9A /* LaunchScreen.xib in Resources */,
				03420A14397F4F68A7032DAB /* Raleway-Black.ttf in Resources */,
				56E5A979AA8F450FAAE03863 /* Raleway-BlackItalic.ttf in Resources */,
				428E548691FB44ADB6C3D1D2 /* Raleway-Bold.ttf in Resources */,
				524ACEA8F3DE4E4AAF1A394E /* Raleway-BoldItalic.ttf in Resources */,
				502CDBA7505741E9A3DD400D /* Raleway-ExtraBold.ttf in Resources */,
				612FD15E22E4041000A2B21C /* okay.mp3 in Resources */,
				91E6F6B7D5434000B689E3B3 /* Raleway-ExtraBoldItalic.ttf in Resources */,
				1E021FC6CE08413188F853A2 /* Raleway-ExtraLight.ttf in Resources */,
				612FD15822E4041000A2B21C /* explosion.wav in Resources */,
				14B7A65AB5474DEAAEA95F82 /* Raleway-ExtraLightItalic.ttf in Resources */,
				10CD053E609A4A60894F1DB3 /* Raleway-Italic.ttf in Resources */,
				759D5252B48D460C9C8DEBAE /* Raleway-Light.ttf in Resources */,
				6F2D9733E2914DA9B675640F /* Raleway-LightItalic.ttf in Resources */,
				612FD15A22E4041000A2B21C /* score.mp3 in Resources */,
				740C4AD92D3D4B3C804CB248 /* Raleway-Medium.ttf in Resources */,
				B97929B0A0FA411EAF733C3D /* Raleway-MediumItalic.ttf in Resources */,
				AC5387F432904A00AF8677FB /* Raleway-Regular.ttf in Resources */,
				D31EA8CED3894FBEA06E65CF /* Raleway-SemiBold.ttf in Resources */,
				5876EB5CBA744FE29E9CCF34 /* Raleway-SemiBoldItalic.ttf in Resources */,
				61CB507E231C878F00196471 /* in_game_music.mp3 in Resources */,
				61CB507D231C878F00196471 /* intro_music.mp3 in Resources */,
				E2515A7AAFAD40DD8C2BB69F /* Raleway-Thin.ttf in Resources */,
				0A4E855B13FF4D5D93E3568A /* Raleway-ThinItalic.ttf in Resources */,
			);
			runOnlyForDeploymentPostprocessing = 0;
		};
		2D02E4791E0B4A5D006451C7 /* Resources */ = {
			isa = PBXResourcesBuildPhase;
			buildActionMask = 2147483647;
			files = (
				2D02E4BD1E0B4A84006451C7 /* Images.xcassets in Resources */,
			);
			runOnlyForDeploymentPostprocessing = 0;
		};
		2D02E48E1E0B4A5D006451C7 /* Resources */ = {
			isa = PBXResourcesBuildPhase;
			buildActionMask = 2147483647;
			files = (
			);
			runOnlyForDeploymentPostprocessing = 0;
		};
/* End PBXResourcesBuildPhase section */

/* Begin PBXShellScriptBuildPhase section */
		00DD1BFF1BD5951E006B06BC /* Bundle React Native code and images */ = {
			isa = PBXShellScriptBuildPhase;
			buildActionMask = 2147483647;
			files = (
			);
			inputPaths = (
			);
			name = "Bundle React Native code and images";
			outputPaths = (
			);
			runOnlyForDeploymentPostprocessing = 0;
			shellPath = /bin/sh;
			shellScript = "export NODE_BINARY=node\n../node_modules/react-native/scripts/react-native-xcode.sh";
		};
		2D02E4CB1E0B4B27006451C7 /* Bundle React Native Code And Images */ = {
			isa = PBXShellScriptBuildPhase;
			buildActionMask = 2147483647;
			files = (
			);
			inputPaths = (
			);
			name = "Bundle React Native Code And Images";
			outputPaths = (
			);
			runOnlyForDeploymentPostprocessing = 0;
			shellPath = /bin/sh;
			shellScript = "export NODE_BINARY=node\n../node_modules/react-native/scripts/react-native-xcode.sh";
		};
		55B5A72A76A8D90FBC05ADB0 /* [CP] Check Pods Manifest.lock */ = {
			isa = PBXShellScriptBuildPhase;
			buildActionMask = 2147483647;
			files = (
			);
			inputFileListPaths = (
			);
			inputPaths = (
				"${PODS_PODFILE_DIR_PATH}/Podfile.lock",
				"${PODS_ROOT}/Manifest.lock",
			);
			name = "[CP] Check Pods Manifest.lock";
			outputFileListPaths = (
			);
			outputPaths = (
				"$(DERIVED_FILE_DIR)/Pods-DotsTests-checkManifestLockResult.txt",
			);
			runOnlyForDeploymentPostprocessing = 0;
			shellPath = /bin/sh;
			shellScript = "diff \"${PODS_PODFILE_DIR_PATH}/Podfile.lock\" \"${PODS_ROOT}/Manifest.lock\" > /dev/null\nif [ $? != 0 ] ; then\n    # print error to STDERR\n    echo \"error: The sandbox is not in sync with the Podfile.lock. Run 'pod install' or update your CocoaPods installation.\" >&2\n    exit 1\nfi\n# This output is used by Xcode 'outputs' to avoid re-running this script phase.\necho \"SUCCESS\" > \"${SCRIPT_OUTPUT_FILE_0}\"\n";
			showEnvVarsInLog = 0;
		};
		5D15DDC9DAA7EAB822EB1FDC /* [CP] Check Pods Manifest.lock */ = {
			isa = PBXShellScriptBuildPhase;
			buildActionMask = 2147483647;
			files = (
			);
			inputFileListPaths = (
			);
			inputPaths = (
				"${PODS_PODFILE_DIR_PATH}/Podfile.lock",
				"${PODS_ROOT}/Manifest.lock",
			);
			name = "[CP] Check Pods Manifest.lock";
			outputFileListPaths = (
			);
			outputPaths = (
				"$(DERIVED_FILE_DIR)/Pods-Dots-checkManifestLockResult.txt",
			);
			runOnlyForDeploymentPostprocessing = 0;
			shellPath = /bin/sh;
			shellScript = "diff \"${PODS_PODFILE_DIR_PATH}/Podfile.lock\" \"${PODS_ROOT}/Manifest.lock\" > /dev/null\nif [ $? != 0 ] ; then\n    # print error to STDERR\n    echo \"error: The sandbox is not in sync with the Podfile.lock. Run 'pod install' or update your CocoaPods installation.\" >&2\n    exit 1\nfi\n# This output is used by Xcode 'outputs' to avoid re-running this script phase.\necho \"SUCCESS\" > \"${SCRIPT_OUTPUT_FILE_0}\"\n";
			showEnvVarsInLog = 0;
		};
		BEB243F6ECDE0904546A445B /* [CP] Check Pods Manifest.lock */ = {
			isa = PBXShellScriptBuildPhase;
			buildActionMask = 2147483647;
			files = (
			);
			inputFileListPaths = (
			);
			inputPaths = (
				"${PODS_PODFILE_DIR_PATH}/Podfile.lock",
				"${PODS_ROOT}/Manifest.lock",
			);
			name = "[CP] Check Pods Manifest.lock";
			outputFileListPaths = (
			);
			outputPaths = (
				"$(DERIVED_FILE_DIR)/Pods-Dots-tvOSTests-checkManifestLockResult.txt",
			);
			runOnlyForDeploymentPostprocessing = 0;
			shellPath = /bin/sh;
			shellScript = "diff \"${PODS_PODFILE_DIR_PATH}/Podfile.lock\" \"${PODS_ROOT}/Manifest.lock\" > /dev/null\nif [ $? != 0 ] ; then\n    # print error to STDERR\n    echo \"error: The sandbox is not in sync with the Podfile.lock. Run 'pod install' or update your CocoaPods installation.\" >&2\n    exit 1\nfi\n# This output is used by Xcode 'outputs' to avoid re-running this script phase.\necho \"SUCCESS\" > \"${SCRIPT_OUTPUT_FILE_0}\"\n";
			showEnvVarsInLog = 0;
		};
		D51B231C25965B1F1392D1E7 /* [CP] Check Pods Manifest.lock */ = {
			isa = PBXShellScriptBuildPhase;
			buildActionMask = 2147483647;
			files = (
			);
			inputFileListPaths = (
			);
			inputPaths = (
				"${PODS_PODFILE_DIR_PATH}/Podfile.lock",
				"${PODS_ROOT}/Manifest.lock",
			);
			name = "[CP] Check Pods Manifest.lock";
			outputFileListPaths = (
			);
			outputPaths = (
				"$(DERIVED_FILE_DIR)/Pods-Dots-tvOS-checkManifestLockResult.txt",
			);
			runOnlyForDeploymentPostprocessing = 0;
			shellPath = /bin/sh;
			shellScript = "diff \"${PODS_PODFILE_DIR_PATH}/Podfile.lock\" \"${PODS_ROOT}/Manifest.lock\" > /dev/null\nif [ $? != 0 ] ; then\n    # print error to STDERR\n    echo \"error: The sandbox is not in sync with the Podfile.lock. Run 'pod install' or update your CocoaPods installation.\" >&2\n    exit 1\nfi\n# This output is used by Xcode 'outputs' to avoid re-running this script phase.\necho \"SUCCESS\" > \"${SCRIPT_OUTPUT_FILE_0}\"\n";
			showEnvVarsInLog = 0;
		};
		FD10A7F022414F080027D42C /* Start Packager */ = {
			isa = PBXShellScriptBuildPhase;
			buildActionMask = 2147483647;
			files = (
			);
			inputFileListPaths = (
			);
			inputPaths = (
			);
			name = "Start Packager";
			outputFileListPaths = (
			);
			outputPaths = (
			);
			runOnlyForDeploymentPostprocessing = 0;
			shellPath = /bin/sh;
			shellScript = "export RCT_METRO_PORT=\"${RCT_METRO_PORT:=8081}\"\necho \"export RCT_METRO_PORT=${RCT_METRO_PORT}\" > \"${SRCROOT}/../node_modules/react-native/scripts/.packager.env\"\nif [ -z \"${RCT_NO_LAUNCH_PACKAGER+xxx}\" ] ; then\n  if nc -w 5 -z localhost ${RCT_METRO_PORT} ; then\n    if ! curl -s \"http://localhost:${RCT_METRO_PORT}/status\" | grep -q \"packager-status:running\" ; then\n      echo \"Port ${RCT_METRO_PORT} already in use, packager is either not running or not running correctly\"\n      exit 2\n    fi\n  else\n    open \"$SRCROOT/../node_modules/react-native/scripts/launchPackager.command\" || echo \"Can't start packager automatically\"\n  fi\nfi\n";
			showEnvVarsInLog = 0;
		};
		FD10A7F122414F3F0027D42C /* Start Packager */ = {
			isa = PBXShellScriptBuildPhase;
			buildActionMask = 2147483647;
			files = (
			);
			inputFileListPaths = (
			);
			inputPaths = (
			);
			name = "Start Packager";
			outputFileListPaths = (
			);
			outputPaths = (
			);
			runOnlyForDeploymentPostprocessing = 0;
			shellPath = /bin/sh;
			shellScript = "export RCT_METRO_PORT=\"${RCT_METRO_PORT:=8081}\"\necho \"export RCT_METRO_PORT=${RCT_METRO_PORT}\" > \"${SRCROOT}/../node_modules/react-native/scripts/.packager.env\"\nif [ -z \"${RCT_NO_LAUNCH_PACKAGER+xxx}\" ] ; then\n  if nc -w 5 -z localhost ${RCT_METRO_PORT} ; then\n    if ! curl -s \"http://localhost:${RCT_METRO_PORT}/status\" | grep -q \"packager-status:running\" ; then\n      echo \"Port ${RCT_METRO_PORT} already in use, packager is either not running or not running correctly\"\n      exit 2\n    fi\n  else\n    open \"$SRCROOT/../node_modules/react-native/scripts/launchPackager.command\" || echo \"Can't start packager automatically\"\n  fi\nfi\n";
			showEnvVarsInLog = 0;
		};
/* End PBXShellScriptBuildPhase section */

/* Begin PBXSourcesBuildPhase section */
		00E356EA1AD99517003FC87E /* Sources */ = {
			isa = PBXSourcesBuildPhase;
			buildActionMask = 2147483647;
			files = (
				00E356F31AD99517003FC87E /* DotsTests.m in Sources */,
			);
			runOnlyForDeploymentPostprocessing = 0;
		};
		13B07F871A680F5B00A75B9A /* Sources */ = {
			isa = PBXSourcesBuildPhase;
			buildActionMask = 2147483647;
			files = (
				13B07FBC1A68108700A75B9A /* AppDelegate.m in Sources */,
				13B07FC11A68108700A75B9A /* main.m in Sources */,
			);
			runOnlyForDeploymentPostprocessing = 0;
		};
		2D02E4771E0B4A5D006451C7 /* Sources */ = {
			isa = PBXSourcesBuildPhase;
			buildActionMask = 2147483647;
			files = (
				2D02E4BF1E0B4AB3006451C7 /* main.m in Sources */,
				2D02E4BC1E0B4A80006451C7 /* AppDelegate.m in Sources */,
			);
			runOnlyForDeploymentPostprocessing = 0;
		};
		2D02E48C1E0B4A5D006451C7 /* Sources */ = {
			isa = PBXSourcesBuildPhase;
			buildActionMask = 2147483647;
			files = (
				2DCD954D1E0B4F2C00145EB5 /* DotsTests.m in Sources */,
			);
			runOnlyForDeploymentPostprocessing = 0;
		};
/* End PBXSourcesBuildPhase section */

/* Begin PBXTargetDependency section */
		00E356F51AD99517003FC87E /* PBXTargetDependency */ = {
			isa = PBXTargetDependency;
			target = 13B07F861A680F5B00A75B9A /* Dots */;
			targetProxy = 00E356F41AD99517003FC87E /* PBXContainerItemProxy */;
		};
		2D02E4921E0B4A5D006451C7 /* PBXTargetDependency */ = {
			isa = PBXTargetDependency;
			target = 2D02E47A1E0B4A5D006451C7 /* Dots-tvOS */;
			targetProxy = 2D02E4911E0B4A5D006451C7 /* PBXContainerItemProxy */;
		};
/* End PBXTargetDependency section */

/* Begin PBXVariantGroup section */
		13B07FB11A68108700A75B9A /* LaunchScreen.xib */ = {
			isa = PBXVariantGroup;
			children = (
				13B07FB21A68108700A75B9A /* Base */,
			);
			name = LaunchScreen.xib;
			path = Dots;
			sourceTree = "<group>";
		};
/* End PBXVariantGroup section */

/* Begin XCBuildConfiguration section */
		00E356F61AD99517003FC87E /* Debug */ = {
			isa = XCBuildConfiguration;
			baseConfigurationReference = 5CAAACC5391E660980D6C0E4 /* Pods-DotsTests.debug.xcconfig */;
			buildSettings = {
				BUNDLE_LOADER = "$(TEST_HOST)";
				GCC_PREPROCESSOR_DEFINITIONS = (
					"DEBUG=1",
					"$(inherited)",
				);
				INFOPLIST_FILE = DotsTests/Info.plist;
				IPHONEOS_DEPLOYMENT_TARGET = 9.0;
				LD_RUNPATH_SEARCH_PATHS = "$(inherited) @executable_path/Frameworks @loader_path/Frameworks";
				OTHER_LDFLAGS = (
					"-ObjC",
					"-lc++",
					"$(inherited)",
				);
				PRODUCT_BUNDLE_IDENTIFIER = "org.reactjs.native.example.$(PRODUCT_NAME:rfc1034identifier)";
				PRODUCT_NAME = "$(TARGET_NAME)";
				TEST_HOST = "$(BUILT_PRODUCTS_DIR)/Dots.app/Dots";
			};
			name = Debug;
		};
		00E356F71AD99517003FC87E /* Release */ = {
			isa = XCBuildConfiguration;
			baseConfigurationReference = 3D78B7C38A26005356D49029 /* Pods-DotsTests.release.xcconfig */;
			buildSettings = {
				BUNDLE_LOADER = "$(TEST_HOST)";
				COPY_PHASE_STRIP = NO;
				INFOPLIST_FILE = DotsTests/Info.plist;
				IPHONEOS_DEPLOYMENT_TARGET = 9.0;
				LD_RUNPATH_SEARCH_PATHS = "$(inherited) @executable_path/Frameworks @loader_path/Frameworks";
				OTHER_LDFLAGS = (
					"-ObjC",
					"-lc++",
					"$(inherited)",
				);
				PRODUCT_BUNDLE_IDENTIFIER = "org.reactjs.native.example.$(PRODUCT_NAME:rfc1034identifier)";
				PRODUCT_NAME = "$(TARGET_NAME)";
				TEST_HOST = "$(BUILT_PRODUCTS_DIR)/Dots.app/Dots";
			};
			name = Release;
		};
		13B07F941A680F5B00A75B9A /* Debug */ = {
			isa = XCBuildConfiguration;
			baseConfigurationReference = 3CB9AA6C64E6949281C4456F /* Pods-Dots.debug.xcconfig */;
			buildSettings = {
				ASSETCATALOG_COMPILER_APPICON_NAME = AppIcon;
				CURRENT_PROJECT_VERSION = 1;
				DEAD_CODE_STRIPPING = NO;
				INFOPLIST_FILE = Dots/Info.plist;
				LD_RUNPATH_SEARCH_PATHS = "$(inherited) @executable_path/Frameworks";
				OTHER_LDFLAGS = (
					"$(inherited)",
					"-ObjC",
					"-lc++",
				);
				PRODUCT_BUNDLE_IDENTIFIER = "org.reactjs.native.example.$(PRODUCT_NAME:rfc1034identifier)";
				PRODUCT_NAME = Dots;
				VERSIONING_SYSTEM = "apple-generic";
			};
			name = Debug;
		};
		13B07F951A680F5B00A75B9A /* Release */ = {
			isa = XCBuildConfiguration;
			baseConfigurationReference = E65EB3EA7B761110B0CCCCB0 /* Pods-Dots.release.xcconfig */;
			buildSettings = {
				ASSETCATALOG_COMPILER_APPICON_NAME = AppIcon;
				CURRENT_PROJECT_VERSION = 1;
				INFOPLIST_FILE = Dots/Info.plist;
				LD_RUNPATH_SEARCH_PATHS = "$(inherited) @executable_path/Frameworks";
				OTHER_LDFLAGS = (
					"$(inherited)",
					"-ObjC",
					"-lc++",
				);
				PRODUCT_BUNDLE_IDENTIFIER = "org.reactjs.native.example.$(PRODUCT_NAME:rfc1034identifier)";
				PRODUCT_NAME = Dots;
				VERSIONING_SYSTEM = "apple-generic";
			};
			name = Release;
		};
		2D02E4971E0B4A5E006451C7 /* Debug */ = {
			isa = XCBuildConfiguration;
			baseConfigurationReference = A47D062F832526335E8B211E /* Pods-Dots-tvOS.debug.xcconfig */;
			buildSettings = {
				ASSETCATALOG_COMPILER_APPICON_NAME = "App Icon & Top Shelf Image";
				ASSETCATALOG_COMPILER_LAUNCHIMAGE_NAME = LaunchImage;
				CLANG_ANALYZER_NONNULL = YES;
				CLANG_WARN_DOCUMENTATION_COMMENTS = YES;
				CLANG_WARN_INFINITE_RECURSION = YES;
				CLANG_WARN_SUSPICIOUS_MOVE = YES;
				DEBUG_INFORMATION_FORMAT = dwarf;
				ENABLE_TESTABILITY = YES;
				GCC_NO_COMMON_BLOCKS = YES;
				INFOPLIST_FILE = "Dots-tvOS/Info.plist";
				LD_RUNPATH_SEARCH_PATHS = "$(inherited) @executable_path/Frameworks";
				OTHER_LDFLAGS = (
					"$(inherited)",
					"-ObjC",
					"-lc++",
				);
				PRODUCT_BUNDLE_IDENTIFIER = "com.facebook.REACT.Dots-tvOS";
				PRODUCT_NAME = "$(TARGET_NAME)";
				SDKROOT = appletvos;
				TARGETED_DEVICE_FAMILY = 3;
				TVOS_DEPLOYMENT_TARGET = 9.2;
			};
			name = Debug;
		};
		2D02E4981E0B4A5E006451C7 /* Release */ = {
			isa = XCBuildConfiguration;
			baseConfigurationReference = 895BEF41E7BA531D9288C4B9 /* Pods-Dots-tvOS.release.xcconfig */;
			buildSettings = {
				ASSETCATALOG_COMPILER_APPICON_NAME = "App Icon & Top Shelf Image";
				ASSETCATALOG_COMPILER_LAUNCHIMAGE_NAME = LaunchImage;
				CLANG_ANALYZER_NONNULL = YES;
				CLANG_WARN_DOCUMENTATION_COMMENTS = YES;
				CLANG_WARN_INFINITE_RECURSION = YES;
				CLANG_WARN_SUSPICIOUS_MOVE = YES;
				COPY_PHASE_STRIP = NO;
				DEBUG_INFORMATION_FORMAT = "dwarf-with-dsym";
				GCC_NO_COMMON_BLOCKS = YES;
				INFOPLIST_FILE = "Dots-tvOS/Info.plist";
				LD_RUNPATH_SEARCH_PATHS = "$(inherited) @executable_path/Frameworks";
				OTHER_LDFLAGS = (
					"$(inherited)",
					"-ObjC",
					"-lc++",
				);
				PRODUCT_BUNDLE_IDENTIFIER = "com.facebook.REACT.Dots-tvOS";
				PRODUCT_NAME = "$(TARGET_NAME)";
				SDKROOT = appletvos;
				TARGETED_DEVICE_FAMILY = 3;
				TVOS_DEPLOYMENT_TARGET = 9.2;
			};
			name = Release;
		};
		2D02E4991E0B4A5E006451C7 /* Debug */ = {
			isa = XCBuildConfiguration;
			baseConfigurationReference = FD1B36425F79BB8644E8FB45 /* Pods-Dots-tvOSTests.debug.xcconfig */;
			buildSettings = {
				BUNDLE_LOADER = "$(TEST_HOST)";
				CLANG_ANALYZER_NONNULL = YES;
				CLANG_WARN_DOCUMENTATION_COMMENTS = YES;
				CLANG_WARN_INFINITE_RECURSION = YES;
				CLANG_WARN_SUSPICIOUS_MOVE = YES;
				DEBUG_INFORMATION_FORMAT = dwarf;
				ENABLE_TESTABILITY = YES;
				GCC_NO_COMMON_BLOCKS = YES;
				INFOPLIST_FILE = "Dots-tvOSTests/Info.plist";
				LD_RUNPATH_SEARCH_PATHS = "$(inherited) @executable_path/Frameworks @loader_path/Frameworks";
				OTHER_LDFLAGS = (
					"$(inherited)",
					"-ObjC",
					"-lc++",
				);
				PRODUCT_BUNDLE_IDENTIFIER = "com.facebook.REACT.Dots-tvOSTests";
				PRODUCT_NAME = "$(TARGET_NAME)";
				SDKROOT = appletvos;
				TEST_HOST = "$(BUILT_PRODUCTS_DIR)/Dots-tvOS.app/Dots-tvOS";
				TVOS_DEPLOYMENT_TARGET = 10.1;
			};
			name = Debug;
		};
		2D02E49A1E0B4A5E006451C7 /* Release */ = {
			isa = XCBuildConfiguration;
			baseConfigurationReference = 792E17E219134449EAB74D9F /* Pods-Dots-tvOSTests.release.xcconfig */;
			buildSettings = {
				BUNDLE_LOADER = "$(TEST_HOST)";
				CLANG_ANALYZER_NONNULL = YES;
				CLANG_WARN_DOCUMENTATION_COMMENTS = YES;
				CLANG_WARN_INFINITE_RECURSION = YES;
				CLANG_WARN_SUSPICIOUS_MOVE = YES;
				COPY_PHASE_STRIP = NO;
				DEBUG_INFORMATION_FORMAT = "dwarf-with-dsym";
				GCC_NO_COMMON_BLOCKS = YES;
				INFOPLIST_FILE = "Dots-tvOSTests/Info.plist";
				LD_RUNPATH_SEARCH_PATHS = "$(inherited) @executable_path/Frameworks @loader_path/Frameworks";
				OTHER_LDFLAGS = (
					"$(inherited)",
					"-ObjC",
					"-lc++",
				);
				PRODUCT_BUNDLE_IDENTIFIER = "com.facebook.REACT.Dots-tvOSTests";
				PRODUCT_NAME = "$(TARGET_NAME)";
				SDKROOT = appletvos;
				TEST_HOST = "$(BUILT_PRODUCTS_DIR)/Dots-tvOS.app/Dots-tvOS";
				TVOS_DEPLOYMENT_TARGET = 10.1;
			};
			name = Release;
		};
		83CBBA201A601CBA00E9B192 /* Debug */ = {
			isa = XCBuildConfiguration;
			buildSettings = {
				ALWAYS_SEARCH_USER_PATHS = NO;
				CLANG_CXX_LANGUAGE_STANDARD = "gnu++0x";
				CLANG_CXX_LIBRARY = "libc++";
				CLANG_ENABLE_MODULES = YES;
				CLANG_ENABLE_OBJC_ARC = YES;
				CLANG_WARN_BLOCK_CAPTURE_AUTORELEASING = YES;
				CLANG_WARN_BOOL_CONVERSION = YES;
				CLANG_WARN_COMMA = YES;
				CLANG_WARN_CONSTANT_CONVERSION = YES;
				CLANG_WARN_DEPRECATED_OBJC_IMPLEMENTATIONS = YES;
				CLANG_WARN_DIRECT_OBJC_ISA_USAGE = YES_ERROR;
				CLANG_WARN_EMPTY_BODY = YES;
				CLANG_WARN_ENUM_CONVERSION = YES;
				CLANG_WARN_INFINITE_RECURSION = YES;
				CLANG_WARN_INT_CONVERSION = YES;
				CLANG_WARN_NON_LITERAL_NULL_CONVERSION = YES;
				CLANG_WARN_OBJC_IMPLICIT_RETAIN_SELF = YES;
				CLANG_WARN_OBJC_LITERAL_CONVERSION = YES;
				CLANG_WARN_OBJC_ROOT_CLASS = YES_ERROR;
				CLANG_WARN_RANGE_LOOP_ANALYSIS = YES;
				CLANG_WARN_STRICT_PROTOTYPES = YES;
				CLANG_WARN_SUSPICIOUS_MOVE = YES;
				CLANG_WARN_UNREACHABLE_CODE = YES;
				CLANG_WARN__DUPLICATE_METHOD_MATCH = YES;
				"CODE_SIGN_IDENTITY[sdk=iphoneos*]" = "iPhone Developer";
				COPY_PHASE_STRIP = NO;
				ENABLE_STRICT_OBJC_MSGSEND = YES;
				ENABLE_TESTABILITY = YES;
				GCC_C_LANGUAGE_STANDARD = gnu99;
				GCC_DYNAMIC_NO_PIC = NO;
				GCC_NO_COMMON_BLOCKS = YES;
				GCC_OPTIMIZATION_LEVEL = 0;
				GCC_PREPROCESSOR_DEFINITIONS = (
					"DEBUG=1",
					"$(inherited)",
				);
				GCC_SYMBOLS_PRIVATE_EXTERN = NO;
				GCC_WARN_64_TO_32_BIT_CONVERSION = YES;
				GCC_WARN_ABOUT_RETURN_TYPE = YES_ERROR;
				GCC_WARN_UNDECLARED_SELECTOR = YES;
				GCC_WARN_UNINITIALIZED_AUTOS = YES_AGGRESSIVE;
				GCC_WARN_UNUSED_FUNCTION = YES;
				GCC_WARN_UNUSED_VARIABLE = YES;
				IPHONEOS_DEPLOYMENT_TARGET = 9.0;
				MTL_ENABLE_DEBUG_INFO = YES;
				ONLY_ACTIVE_ARCH = YES;
				SDKROOT = iphoneos;
			};
			name = Debug;
		};
		83CBBA211A601CBA00E9B192 /* Release */ = {
			isa = XCBuildConfiguration;
			buildSettings = {
				ALWAYS_SEARCH_USER_PATHS = NO;
				CLANG_CXX_LANGUAGE_STANDARD = "gnu++0x";
				CLANG_CXX_LIBRARY = "libc++";
				CLANG_ENABLE_MODULES = YES;
				CLANG_ENABLE_OBJC_ARC = YES;
				CLANG_WARN_BLOCK_CAPTURE_AUTORELEASING = YES;
				CLANG_WARN_BOOL_CONVERSION = YES;
				CLANG_WARN_COMMA = YES;
				CLANG_WARN_CONSTANT_CONVERSION = YES;
				CLANG_WARN_DEPRECATED_OBJC_IMPLEMENTATIONS = YES;
				CLANG_WARN_DIRECT_OBJC_ISA_USAGE = YES_ERROR;
				CLANG_WARN_EMPTY_BODY = YES;
				CLANG_WARN_ENUM_CONVERSION = YES;
				CLANG_WARN_INFINITE_RECURSION = YES;
				CLANG_WARN_INT_CONVERSION = YES;
				CLANG_WARN_NON_LITERAL_NULL_CONVERSION = YES;
				CLANG_WARN_OBJC_IMPLICIT_RETAIN_SELF = YES;
				CLANG_WARN_OBJC_LITERAL_CONVERSION = YES;
				CLANG_WARN_OBJC_ROOT_CLASS = YES_ERROR;
				CLANG_WARN_RANGE_LOOP_ANALYSIS = YES;
				CLANG_WARN_STRICT_PROTOTYPES = YES;
				CLANG_WARN_SUSPICIOUS_MOVE = YES;
				CLANG_WARN_UNREACHABLE_CODE = YES;
				CLANG_WARN__DUPLICATE_METHOD_MATCH = YES;
				"CODE_SIGN_IDENTITY[sdk=iphoneos*]" = "iPhone Developer";
				COPY_PHASE_STRIP = YES;
				ENABLE_NS_ASSERTIONS = NO;
				ENABLE_STRICT_OBJC_MSGSEND = YES;
				GCC_C_LANGUAGE_STANDARD = gnu99;
				GCC_NO_COMMON_BLOCKS = YES;
				GCC_WARN_64_TO_32_BIT_CONVERSION = YES;
				GCC_WARN_ABOUT_RETURN_TYPE = YES_ERROR;
				GCC_WARN_UNDECLARED_SELECTOR = YES;
				GCC_WARN_UNINITIALIZED_AUTOS = YES_AGGRESSIVE;
				GCC_WARN_UNUSED_FUNCTION = YES;
				GCC_WARN_UNUSED_VARIABLE = YES;
				IPHONEOS_DEPLOYMENT_TARGET = 9.0;
				MTL_ENABLE_DEBUG_INFO = NO;
				SDKROOT = iphoneos;
				VALIDATE_PRODUCT = YES;
			};
			name = Release;
		};
/* End XCBuildConfiguration section */

/* Begin XCConfigurationList section */
		00E357021AD99517003FC87E /* Build configuration list for PBXNativeTarget "DotsTests" */ = {
			isa = XCConfigurationList;
			buildConfigurations = (
				00E356F61AD99517003FC87E /* Debug */,
				00E356F71AD99517003FC87E /* Release */,
			);
			defaultConfigurationIsVisible = 0;
			defaultConfigurationName = Release;
		};
		13B07F931A680F5B00A75B9A /* Build configuration list for PBXNativeTarget "Dots" */ = {
			isa = XCConfigurationList;
			buildConfigurations = (
				13B07F941A680F5B00A75B9A /* Debug */,
				13B07F951A680F5B00A75B9A /* Release */,
			);
			defaultConfigurationIsVisible = 0;
			defaultConfigurationName = Release;
		};
		2D02E4BA1E0B4A5E006451C7 /* Build configuration list for PBXNativeTarget "Dots-tvOS" */ = {
			isa = XCConfigurationList;
			buildConfigurations = (
				2D02E4971E0B4A5E006451C7 /* Debug */,
				2D02E4981E0B4A5E006451C7 /* Release */,
			);
			defaultConfigurationIsVisible = 0;
			defaultConfigurationName = Release;
		};
		2D02E4BB1E0B4A5E006451C7 /* Build configuration list for PBXNativeTarget "Dots-tvOSTests" */ = {
			isa = XCConfigurationList;
			buildConfigurations = (
				2D02E4991E0B4A5E006451C7 /* Debug */,
				2D02E49A1E0B4A5E006451C7 /* Release */,
			);
			defaultConfigurationIsVisible = 0;
			defaultConfigurationName = Release;
		};
		83CBB9FA1A601CBA00E9B192 /* Build configuration list for PBXProject "Dots" */ = {
			isa = XCConfigurationList;
			buildConfigurations = (
				83CBBA201A601CBA00E9B192 /* Debug */,
				83CBBA211A601CBA00E9B192 /* Release */,
			);
			defaultConfigurationIsVisible = 0;
			defaultConfigurationName = Release;
		};
/* End XCConfigurationList section */
	};
	rootObject = 83CBB9F71A601CBA00E9B192 /* Project object */;
}
